
Microsoft Visual Studio Solution File, Format Version 12.00
# Visual Studio Version 16
VisualStudioVersion = 16.0.31624.102
MinimumVisualStudioVersion = 10.0.40219.1
Project("{FAE04EC0-301F-11D3-BF4B-00C04F79EFBC}") = "Phone", "Phone\Phone.csproj", "{49630222-8CD8-49F5-BCD5-1B1FA934FFEA}"
EndProject
Global
	GlobalSection(SolutionConfigurationPlatforms) = preSolution
		Debug|Any CPU = Debug|Any CPU
		Release|Any CPU = Release|Any CPU
	EndGlobalSection
	GlobalSection(ProjectConfigurationPlatforms) = postSolution
		{49630222-8CD8-49F5-BCD5-1B1FA934FFEA}.Debug|Any CPU.ActiveCfg = Debug|Any CPU
		{49630222-8CD8-49F5-BCD5-1B1FA934FFEA}.Debug|Any CPU.Build.0 = Debug|Any CPU
		{49630222-8CD8-49F5-BCD5-1B1FA934FFEA}.Release|Any CPU.ActiveCfg = Release|Any CPU
		{49630222-8CD8-49F5-BCD5-1B1FA934FFEA}.Release|Any CPU.Build.0 = Release|Any CPU
	EndGlobalSection
	GlobalSection(SolutionProperties) = preSolution
		HideSolutionNode = FALSE
	EndGlobalSection
	GlobalSection(ExtensibilityGlobals) = postSolution
		SolutionGuid = {B79494C4-222D-4C01-9706-D2B4CACDB31B}
	EndGlobalSection
EndGlobal
